
Microsoft Visual Studio Solution File, Format Version 12.00
# Visual Studio Version 16
VisualStudioVersion = 16.0.32106.194
MinimumVisualStudioVersion = 10.0.40219.1
Project("{9A19103F-16F7-4668-BE54-9A1E7A4F7556}") = "CGI_OUTBOUND_BC_Scenarios", "CGI_OUTBOUND_BC_Scenarios\CGI_OUTBOUND_BC_Scenarios.csproj", "{8D225F2F-4585-412F-B2C9-66F14AC508DB}"
EndProject
Global
	GlobalSection(SolutionConfigurationPlatforms) = preSolution
		Debug|Any CPU = Debug|Any CPU
		Release|Any CPU = Release|Any CPU
	EndGlobalSection
	GlobalSection(ProjectConfigurationPlatforms) = postSolution
		{8D225F2F-4585-412F-B2C9-66F14AC508DB}.Debug|Any CPU.ActiveCfg = Debug|Any CPU
		{8D225F2F-4585-412F-B2C9-66F14AC508DB}.Debug|Any CPU.Build.0 = Debug|Any CPU
		{8D225F2F-4585-412F-B2C9-66F14AC508DB}.Release|Any CPU.ActiveCfg = Release|Any CPU
		{8D225F2F-4585-412F-B2C9-66F14AC508DB}.Release|Any CPU.Build.0 = Release|Any CPU
	EndGlobalSection
	GlobalSection(SolutionProperties) = preSolution
		HideSolutionNode = FALSE
	EndGlobalSection
	GlobalSection(ExtensibilityGlobals) = postSolution
		SolutionGuid = {7F04B322-B863-4E3B-AC3A-28F87A0CBD0E}
	EndGlobalSection
EndGlobal
